
Microsoft Visual Studio Solution File, Format Version 12.00
# Visual Studio 15
VisualStudioVersion = 15.0.26124.0
MinimumVisualStudioVersion = 15.0.26124.0
Project("{FAE04EC0-301F-11D3-BF4B-00C04F79EFBC}") = "HiddenVilla_Server", "HiddenVilla_Server\HiddenVilla_Server.csproj", "{9565E33B-9ECB-423A-B5D4-6BA7D4096B51}"
EndProject
Project("{FAE04EC0-301F-11D3-BF4B-00C04F79EFBC}") = "Business", "Business\Business.csproj", "{4A09220B-A241-4EC4-8DEA-9584521037E6}"
EndProject
Project("{FAE04EC0-301F-11D3-BF4B-00C04F79EFBC}") = "DataAccess", "DataAccess\DataAccess.csproj", "{4560E8FA-6DB3-4D8B-AE2A-F4C5F91AA70A}"
EndProject
Project("{FAE04EC0-301F-11D3-BF4B-00C04F79EFBC}") = "Models", "Models\Models.csproj", "{17E717EF-5B7A-41A9-8078-879FF1B8806A}"
EndProject
Project("{FAE04EC0-301F-11D3-BF4B-00C04F79EFBC}") = "Common", "Common\Common.csproj", "{88B7F3C3-4B1D-434F-BE15-1ACD6E54D550}"
EndProject
Global
	GlobalSection(SolutionConfigurationPlatforms) = preSolution
		Debug|Any CPU = Debug|Any CPU
		Debug|x64 = Debug|x64
		Debug|x86 = Debug|x86
		Release|Any CPU = Release|Any CPU
		Release|x64 = Release|x64
		Release|x86 = Release|x86
	EndGlobalSection
	GlobalSection(SolutionProperties) = preSolution
		HideSolutionNode = FALSE
	EndGlobalSection
	GlobalSection(ProjectConfigurationPlatforms) = postSolution
		{9565E33B-9ECB-423A-B5D4-6BA7D4096B51}.Debug|Any CPU.ActiveCfg = Debug|Any CPU
		{9565E33B-9ECB-423A-B5D4-6BA7D4096B51}.Debug|Any CPU.Build.0 = Debug|Any CPU
		{9565E33B-9ECB-423A-B5D4-6BA7D4096B51}.Debug|x64.ActiveCfg = Debug|Any CPU
		{9565E33B-9ECB-423A-B5D4-6BA7D4096B51}.Debug|x64.Build.0 = Debug|Any CPU
		{9565E33B-9ECB-423A-B5D4-6BA7D4096B51}.Debug|x86.ActiveCfg = Debug|Any CPU
		{9565E33B-9ECB-423A-B5D4-6BA7D4096B51}.Debug|x86.Build.0 = Debug|Any CPU
		{9565E33B-9ECB-423A-B5D4-6BA7D4096B51}.Release|Any CPU.ActiveCfg = Release|Any CPU
		{9565E33B-9ECB-423A-B5D4-6BA7D4096B51}.Release|Any CPU.Build.0 = Release|Any CPU
		{9565E33B-9ECB-423A-B5D4-6BA7D4096B51}.Release|x64.ActiveCfg = Release|Any CPU
		{9565E33B-9ECB-423A-B5D4-6BA7D4096B51}.Release|x64.Build.0 = Release|Any CPU
		{9565E33B-9ECB-423A-B5D4-6BA7D4096B51}.Release|x86.ActiveCfg = Release|Any CPU
		{9565E33B-9ECB-423A-B5D4-6BA7D4096B51}.Release|x86.Build.0 = Release|Any CPU
		{4A09220B-A241-4EC4-8DEA-9584521037E6}.Debug|Any CPU.ActiveCfg = Debug|Any CPU
		{4A09220B-A241-4EC4-8DEA-9584521037E6}.Debug|Any CPU.Build.0 = Debug|Any CPU
		{4A09220B-A241-4EC4-8DEA-9584521037E6}.Debug|x64.ActiveCfg = Debug|Any CPU
		{4A09220B-A241-4EC4-8DEA-9584521037E6}.Debug|x64.Build.0 = Debug|Any CPU
		{4A09220B-A241-4EC4-8DEA-9584521037E6}.Debug|x86.ActiveCfg = Debug|Any CPU
		{4A09220B-A241-4EC4-8DEA-9584521037E6}.Debug|x86.Build.0 = Debug|Any CPU
		{4A09220B-A241-4EC4-8DEA-9584521037E6}.Release|Any CPU.ActiveCfg = Release|Any CPU
		{4A09220B-A241-4EC4-8DEA-9584521037E6}.Release|Any CPU.Build.0 = Release|Any CPU
		{4A09220B-A241-4EC4-8DEA-9584521037E6}.Release|x64.ActiveCfg = Release|Any CPU
		{4A09220B-A241-4EC4-8DEA-9584521037E6}.Release|x64.Build.0 = Release|Any CPU
		{4A09220B-A241-4EC4-8DEA-9584521037E6}.Release|x86.ActiveCfg = Release|Any CPU
		{4A09220B-A241-4EC4-8DEA-9584521037E6}.Release|x86.Build.0 = Release|Any CPU
		{4560E8FA-6DB3-4D8B-AE2A-F4C5F91AA70A}.Debug|Any CPU.ActiveCfg = Debug|Any CPU
		{4560E8FA-6DB3-4D8B-AE2A-F4C5F91AA70A}.Debug|Any CPU.Build.0 = Debug|Any CPU
		{4560E8FA-6DB3-4D8B-AE2A-F4C5F91AA70A}.Debug|x64.ActiveCfg = Debug|Any CPU
		{4560E8FA-6DB3-4D8B-AE2A-F4C5F91AA70A}.Debug|x64.Build.0 = Debug|Any CPU
		{4560E8FA-6DB3-4D8B-AE2A-F4C5F91AA70A}.Debug|x86.ActiveCfg = Debug|Any CPU
		{4560E8FA-6DB3-4D8B-AE2A-F4C5F91AA70A}.Debug|x86.Build.0 = Debug|Any CPU
		{4560E8FA-6DB3-4D8B-AE2A-F4C5F91AA70A}.Release|Any CPU.ActiveCfg = Release|Any CPU
		{4560E8FA-6DB3-4D8B-AE2A-F4C5F91AA70A}.Release|Any CPU.Build.0 = Release|Any CPU
		{4560E8FA-6DB3-4D8B-AE2A-F4C5F91AA70A}.Release|x64.ActiveCfg = Release|Any CPU
		{4560E8FA-6DB3-4D8B-AE2A-F4C5F91AA70A}.Release|x64.Build.0 = Release|Any CPU
		{4560E8FA-6DB3-4D8B-AE2A-F4C5F91AA70A}.Release|x86.ActiveCfg = Release|Any CPU
		{4560E8FA-6DB3-4D8B-AE2A-F4C5F91AA70A}.Release|x86.Build.0 = Release|Any CPU
		{17E717EF-5B7A-41A9-8078-879FF1B8806A}.Debug|Any CPU.ActiveCfg = Debug|Any CPU
		{17E717EF-5B7A-41A9-8078-879FF1B8806A}.Debug|Any CPU.Build.0 = Debug|Any CPU
		{17E717EF-5B7A-41A9-8078-879FF1B8806A}.Debug|x64.ActiveCfg = Debug|Any CPU
		{17E717EF-5B7A-41A9-8078-879FF1B8806A}.Debug|x64.Build.0 = Debug|Any CPU
		{17E717EF-5B7A-41A9-8078-879FF1B8806A}.Debug|x86.ActiveCfg = Debug|Any CPU
		{17E717EF-5B7A-41A9-8078-879FF1B8806A}.Debug|x86.Build.0 = Debug|Any CPU
		{17E717EF-5B7A-41A9-8078-879FF1B8806A}.Release|Any CPU.ActiveCfg = Release|Any CPU
		{17E717EF-5B7A-41A9-8078-879FF1B8806A}.Release|Any CPU.Build.0 = Release|Any CPU
		{17E717EF-5B7A-41A9-8078-879FF1B8806A}.Release|x64.ActiveCfg = Release|Any CPU
		{17E717EF-5B7A-41A9-8078-879FF1B8806A}.Release|x64.Build.0 = Release|Any CPU
		{17E717EF-5B7A-41A9-8078-879FF1B8806A}.Release|x86.ActiveCfg = Release|Any CPU
		{17E717EF-5B7A-41A9-8078-879FF1B8806A}.Release|x86.Build.0 = Release|Any CPU
		{88B7F3C3-4B1D-434F-BE15-1ACD6E54D550}.Debug|Any CPU.ActiveCfg = Debug|Any CPU
		{88B7F3C3-4B1D-434F-BE15-1ACD6E54D550}.Debug|Any CPU.Build.0 = Debug|Any CPU
		{88B7F3C3-4B1D-434F-BE15-1ACD6E54D550}.Debug|x64.ActiveCfg = Debug|Any CPU
		{88B7F3C3-4B1D-434F-BE15-1ACD6E54D550}.Debug|x64.Build.0 = Debug|Any CPU
		{88B7F3C3-4B1D-434F-BE15-1ACD6E54D550}.Debug|x86.ActiveCfg = Debug|Any CPU
		{88B7F3C3-4B1D-434F-BE15-1ACD6E54D550}.Debug|x86.Build.0 = Debug|Any CPU
		{88B7F3C3-4B1D-434F-BE15-1ACD6E54D550}.Release|Any CPU.ActiveCfg = Release|Any CPU
		{88B7F3C3-4B1D-434F-BE15-1ACD6E54D550}.Release|Any CPU.Build.0 = Release|Any CPU
		{88B7F3C3-4B1D-434F-BE15-1ACD6E54D550}.Release|x64.ActiveCfg = Release|Any CPU
		{88B7F3C3-4B1D-434F-BE15-1ACD6E54D550}.Release|x64.Build.0 = Release|Any CPU
		{88B7F3C3-4B1D-434F-BE15-1ACD6E54D550}.Release|x86.ActiveCfg = Release|Any CPU
		{88B7F3C3-4B1D-434F-BE15-1ACD6E54D550}.Release|x86.Build.0 = Release|Any CPU
	EndGlobalSection
EndGlobal
